
Microsoft Visual Studio Solution File, Format Version 12.00
# Visual Studio 15
VisualStudioVersion = 15.0.33403.129
MinimumVisualStudioVersion = 10.0.40219.1
Project("{FAE04EC0-301F-11D3-BF4B-00C04F79EFBC}") = "Evs_Kalorik_MoveAttachments", "Evs_Kalorik_MoveAttachments\Evs_Kalorik_MoveAttachments.csproj", "{D452FC4D-94C5-4D16-ADE9-A8DCEC501EF4}"
EndProject
Global
	GlobalSection(SolutionConfigurationPlatforms) = preSolution
		Debug|Any CPU = Debug|Any CPU
		Release|Any CPU = Release|Any CPU
	EndGlobalSection
	GlobalSection(ProjectConfigurationPlatforms) = postSolution
		{D452FC4D-94C5-4D16-ADE9-A8DCEC501EF4}.Debug|Any CPU.ActiveCfg = Debug|Any CPU
		{D452FC4D-94C5-4D16-ADE9-A8DCEC501EF4}.Debug|Any CPU.Build.0 = Debug|Any CPU
		{D452FC4D-94C5-4D16-ADE9-A8DCEC501EF4}.Release|Any CPU.ActiveCfg = Release|Any CPU
		{D452FC4D-94C5-4D16-ADE9-A8DCEC501EF4}.Release|Any CPU.Build.0 = Release|Any CPU
	EndGlobalSection
	GlobalSection(SolutionProperties) = preSolution
		HideSolutionNode = FALSE
	EndGlobalSection
	GlobalSection(ExtensibilityGlobals) = postSolution
		SolutionGuid = {102AC00D-4C82-49EC-A21E-B2283A3003DF}
	EndGlobalSection
EndGlobal
